
Microsoft Visual Studio Solution File, Format Version 12.00
# Visual Studio Version 16
VisualStudioVersion = 16.0.31424.327
MinimumVisualStudioVersion = 10.0.40219.1
Project("{FAE04EC0-301F-11D3-BF4B-00C04F79EFBC}") = "Firstapp", "Firstapp\Firstapp.csproj", "{3B2598D9-81C5-4E92-B36E-6854F9A9DECA}"
EndProject
Global
	GlobalSection(SolutionConfigurationPlatforms) = preSolution
		Debug|Any CPU = Debug|Any CPU
		Release|Any CPU = Release|Any CPU
	EndGlobalSection
	GlobalSection(ProjectConfigurationPlatforms) = postSolution
		{3B2598D9-81C5-4E92-B36E-6854F9A9DECA}.Debug|Any CPU.ActiveCfg = Debug|Any CPU
		{3B2598D9-81C5-4E92-B36E-6854F9A9DECA}.Debug|Any CPU.Build.0 = Debug|Any CPU
		{3B2598D9-81C5-4E92-B36E-6854F9A9DECA}.Release|Any CPU.ActiveCfg = Release|Any CPU
		{3B2598D9-81C5-4E92-B36E-6854F9A9DECA}.Release|Any CPU.Build.0 = Release|Any CPU
	EndGlobalSection
	GlobalSection(SolutionProperties) = preSolution
		HideSolutionNode = FALSE
	EndGlobalSection
	GlobalSection(ExtensibilityGlobals) = postSolution
		SolutionGuid = {A3AFACE5-0801-48C6-A3CE-D25582F21E0C}
	EndGlobalSection
EndGlobal
